
Microsoft Visual Studio Solution File, Format Version 12.00
# Visual Studio Version 17
VisualStudioVersion = 17.11.35208.52
MinimumVisualStudioVersion = 10.0.40219.1
Project("{FAE04EC0-301F-11D3-BF4B-00C04F79EFBC}") = "WinForms_SimpleSendingEmail_V_1.0", "WinForms_SimpleSendingEmail_V_1.0.csproj", "{AA9640DC-DB4E-48CA-8A33-CBB19158AEE5}"
EndProject
Global
	GlobalSection(SolutionConfigurationPlatforms) = preSolution
		Debug|Any CPU = Debug|Any CPU
		Release|Any CPU = Release|Any CPU
	EndGlobalSection
	GlobalSection(ProjectConfigurationPlatforms) = postSolution
		{AA9640DC-DB4E-48CA-8A33-CBB19158AEE5}.Debug|Any CPU.ActiveCfg = Debug|Any CPU
		{AA9640DC-DB4E-48CA-8A33-CBB19158AEE5}.Debug|Any CPU.Build.0 = Debug|Any CPU
		{AA9640DC-DB4E-48CA-8A33-CBB19158AEE5}.Release|Any CPU.ActiveCfg = Release|Any CPU
		{AA9640DC-DB4E-48CA-8A33-CBB19158AEE5}.Release|Any CPU.Build.0 = Release|Any CPU
	EndGlobalSection
	GlobalSection(SolutionProperties) = preSolution
		HideSolutionNode = FALSE
	EndGlobalSection
	GlobalSection(ExtensibilityGlobals) = postSolution
		SolutionGuid = {0A0EE530-C581-4AA2-A0E6-090845D2AE53}
	EndGlobalSection
EndGlobal
